
Microsoft Visual Studio Solution File, Format Version 12.00
# Visual Studio 15
VisualStudioVersion = 15.0.28307.168
MinimumVisualStudioVersion = 10.0.40219.1
Project("{9A19103F-16F7-4668-BE54-9A1E7A4F7556}") = "ExpenseTracker.Core", "ExpenseTracker.Core\ExpenseTracker.Core.csproj", "{7E4D384D-4831-44B9-891D-B01DB753FEB1}"
EndProject
Project("{9A19103F-16F7-4668-BE54-9A1E7A4F7556}") = "ExpenseTracker.RestClient", "ExpenseTracker.RestClient\ExpenseTracker.RestClient.csproj", "{F17DE4FC-834B-4402-A0C4-BE3A1A01696A}"
EndProject
Project("{9A19103F-16F7-4668-BE54-9A1E7A4F7556}") = "ExpenseTracker.RestClient.IntTests", "ExpenseTracker.RestClient.IntTests\ExpenseTracker.RestClient.IntTests.csproj", "{348AB8C0-D029-4874-A51C-1AE6114AF163}"
EndProject
Global
	GlobalSection(SolutionConfigurationPlatforms) = preSolution
		Debug|Any CPU = Debug|Any CPU
		Release|Any CPU = Release|Any CPU
	EndGlobalSection
	GlobalSection(ProjectConfigurationPlatforms) = postSolution
		{7E4D384D-4831-44B9-891D-B01DB753FEB1}.Debug|Any CPU.ActiveCfg = Debug|Any CPU
		{7E4D384D-4831-44B9-891D-B01DB753FEB1}.Debug|Any CPU.Build.0 = Debug|Any CPU
		{7E4D384D-4831-44B9-891D-B01DB753FEB1}.Release|Any CPU.ActiveCfg = Release|Any CPU
		{7E4D384D-4831-44B9-891D-B01DB753FEB1}.Release|Any CPU.Build.0 = Release|Any CPU
		{F17DE4FC-834B-4402-A0C4-BE3A1A01696A}.Debug|Any CPU.ActiveCfg = Debug|Any CPU
		{F17DE4FC-834B-4402-A0C4-BE3A1A01696A}.Debug|Any CPU.Build.0 = Debug|Any CPU
		{F17DE4FC-834B-4402-A0C4-BE3A1A01696A}.Release|Any CPU.ActiveCfg = Release|Any CPU
		{F17DE4FC-834B-4402-A0C4-BE3A1A01696A}.Release|Any CPU.Build.0 = Release|Any CPU
		{348AB8C0-D029-4874-A51C-1AE6114AF163}.Debug|Any CPU.ActiveCfg = Debug|Any CPU
		{348AB8C0-D029-4874-A51C-1AE6114AF163}.Debug|Any CPU.Build.0 = Debug|Any CPU
		{348AB8C0-D029-4874-A51C-1AE6114AF163}.Release|Any CPU.ActiveCfg = Release|Any CPU
		{348AB8C0-D029-4874-A51C-1AE6114AF163}.Release|Any CPU.Build.0 = Release|Any CPU
	EndGlobalSection
	GlobalSection(SolutionProperties) = preSolution
		HideSolutionNode = FALSE
	EndGlobalSection
	GlobalSection(ExtensibilityGlobals) = postSolution
		SolutionGuid = {3BFAAD95-3ED7-4C80-9EA9-939B90CBB6CF}
	EndGlobalSection
EndGlobal
