
Microsoft Visual Studio Solution File, Format Version 12.00
# Visual Studio Version 16
VisualStudioVersion = 16.0.29806.167
MinimumVisualStudioVersion = 10.0.40219.1
Project("{9A19103F-16F7-4668-BE54-9A1E7A4F7556}") = "ExpenseTracker.Data", "ExpenseTracker.Data\ExpenseTracker.Data.csproj", "{2E0FE626-D6C8-4170-922E-BCF851966C4E}"
EndProject
Project("{9A19103F-16F7-4668-BE54-9A1E7A4F7556}") = "ExpenseTracker.App", "ExpenseTracker.App\ExpenseTracker.App.csproj", "{AE4EF3A1-F670-42FF-A194-40FC7A82F4A0}"
EndProject
Project("{9A19103F-16F7-4668-BE54-9A1E7A4F7556}") = "ExpenseTracker.Tests", "ExpenseTracker.Tests\ExpenseTracker.Tests.csproj", "{827AADBB-C502-4211-86C7-B4FE5814669C}"
EndProject
Project("{9A19103F-16F7-4668-BE54-9A1E7A4F7556}") = "ExpenseTracker.Core", "ExpenseTracker.Core\ExpenseTracker.Core.csproj", "{DA58DD2A-8170-46C8-9161-50E5FC84BABB}"
EndProject
Project("{9A19103F-16F7-4668-BE54-9A1E7A4F7556}") = "ExpenseTracker.Integrations", "ExpenseTracker.Integrations\ExpenseTracker.Integrations.csproj", "{6BD97C16-284C-4D89-9E7E-2ECEE4BD74EE}"
EndProject
Project("{9A19103F-16F7-4668-BE54-9A1E7A4F7556}") = "ExpenseTracker.Web", "ExpenseTracker.Web\ExpenseTracker.Web.csproj", "{0005F611-88D1-4491-96BF-AB229209885D}"
EndProject
Global
	GlobalSection(SolutionConfigurationPlatforms) = preSolution
		Debug|Any CPU = Debug|Any CPU
		Release|Any CPU = Release|Any CPU
	EndGlobalSection
	GlobalSection(ProjectConfigurationPlatforms) = postSolution
		{2E0FE626-D6C8-4170-922E-BCF851966C4E}.Debug|Any CPU.ActiveCfg = Debug|Any CPU
		{2E0FE626-D6C8-4170-922E-BCF851966C4E}.Debug|Any CPU.Build.0 = Debug|Any CPU
		{2E0FE626-D6C8-4170-922E-BCF851966C4E}.Release|Any CPU.ActiveCfg = Release|Any CPU
		{2E0FE626-D6C8-4170-922E-BCF851966C4E}.Release|Any CPU.Build.0 = Release|Any CPU
		{AE4EF3A1-F670-42FF-A194-40FC7A82F4A0}.Debug|Any CPU.ActiveCfg = Debug|Any CPU
		{AE4EF3A1-F670-42FF-A194-40FC7A82F4A0}.Debug|Any CPU.Build.0 = Debug|Any CPU
		{AE4EF3A1-F670-42FF-A194-40FC7A82F4A0}.Release|Any CPU.ActiveCfg = Release|Any CPU
		{AE4EF3A1-F670-42FF-A194-40FC7A82F4A0}.Release|Any CPU.Build.0 = Release|Any CPU
		{827AADBB-C502-4211-86C7-B4FE5814669C}.Debug|Any CPU.ActiveCfg = Debug|Any CPU
		{827AADBB-C502-4211-86C7-B4FE5814669C}.Debug|Any CPU.Build.0 = Debug|Any CPU
		{827AADBB-C502-4211-86C7-B4FE5814669C}.Release|Any CPU.ActiveCfg = Release|Any CPU
		{827AADBB-C502-4211-86C7-B4FE5814669C}.Release|Any CPU.Build.0 = Release|Any CPU
		{DA58DD2A-8170-46C8-9161-50E5FC84BABB}.Debug|Any CPU.ActiveCfg = Debug|Any CPU
		{DA58DD2A-8170-46C8-9161-50E5FC84BABB}.Debug|Any CPU.Build.0 = Debug|Any CPU
		{DA58DD2A-8170-46C8-9161-50E5FC84BABB}.Release|Any CPU.ActiveCfg = Release|Any CPU
		{DA58DD2A-8170-46C8-9161-50E5FC84BABB}.Release|Any CPU.Build.0 = Release|Any CPU
		{6BD97C16-284C-4D89-9E7E-2ECEE4BD74EE}.Debug|Any CPU.ActiveCfg = Debug|Any CPU
		{6BD97C16-284C-4D89-9E7E-2ECEE4BD74EE}.Debug|Any CPU.Build.0 = Debug|Any CPU
		{6BD97C16-284C-4D89-9E7E-2ECEE4BD74EE}.Release|Any CPU.ActiveCfg = Release|Any CPU
		{6BD97C16-284C-4D89-9E7E-2ECEE4BD74EE}.Release|Any CPU.Build.0 = Release|Any CPU
		{0005F611-88D1-4491-96BF-AB229209885D}.Debug|Any CPU.ActiveCfg = Debug|Any CPU
		{0005F611-88D1-4491-96BF-AB229209885D}.Debug|Any CPU.Build.0 = Debug|Any CPU
		{0005F611-88D1-4491-96BF-AB229209885D}.Release|Any CPU.ActiveCfg = Release|Any CPU
		{0005F611-88D1-4491-96BF-AB229209885D}.Release|Any CPU.Build.0 = Release|Any CPU
	EndGlobalSection
	GlobalSection(SolutionProperties) = preSolution
		HideSolutionNode = FALSE
	EndGlobalSection
	GlobalSection(ExtensibilityGlobals) = postSolution
		SolutionGuid = {3CF5CD26-AAE7-4472-B5D1-4BE2A1EC3FE4}
	EndGlobalSection
EndGlobal
